
Microsoft Visual Studio Solution File, Format Version 12.00
# Visual Studio Version 16
VisualStudioVersion = 16.0.30114.105
MinimumVisualStudioVersion = 10.0.40219.1
Project("{FAE04EC0-301F-11D3-BF4B-00C04F79EFBC}") = "DataReverse", "DataReverse\DataReverse.csproj", "{338848DD-87FF-430C-833C-DA27EA65171E}"
EndProject
Global
	GlobalSection(SolutionConfigurationPlatforms) = preSolution
		Debug|Any CPU = Debug|Any CPU
		Release|Any CPU = Release|Any CPU
	EndGlobalSection
	GlobalSection(ProjectConfigurationPlatforms) = postSolution
		{338848DD-87FF-430C-833C-DA27EA65171E}.Debug|Any CPU.ActiveCfg = Debug|Any CPU
		{338848DD-87FF-430C-833C-DA27EA65171E}.Debug|Any CPU.Build.0 = Debug|Any CPU
		{338848DD-87FF-430C-833C-DA27EA65171E}.Release|Any CPU.ActiveCfg = Release|Any CPU
		{338848DD-87FF-430C-833C-DA27EA65171E}.Release|Any CPU.Build.0 = Release|Any CPU
	EndGlobalSection
	GlobalSection(SolutionProperties) = preSolution
		HideSolutionNode = FALSE
	EndGlobalSection
	GlobalSection(ExtensibilityGlobals) = postSolution
		SolutionGuid = {92C5C7DE-8BDB-4BB8-B589-73048FA5A972}
	EndGlobalSection
EndGlobal
